
Microsoft Visual Studio Solution File, Format Version 12.00
# Visual Studio 15
VisualStudioVersion = 15.0.26730.3
MinimumVisualStudioVersion = 10.0.40219.1
Project("{FAE04EC0-301F-11D3-BF4B-00C04F79EFBC}") = "Escc.Umbraco.UserAccessManager", "ESCC.Umbraco.UserAccessManager\Escc.Umbraco.UserAccessManager.csproj", "{6C04EE92-2296-4F63-951B-32A2C7FBDE7B}"
EndProject
Project("{FAE04EC0-301F-11D3-BF4B-00C04F79EFBC}") = "Escc.Umbraco.UserAccessManager.Test", "ESCC.Umbraco.UserAccessManager.Test\Escc.Umbraco.UserAccessManager.Test.csproj", "{3C2ED7DD-E1E2-44CB-987A-6AEC4AA6486D}"
EndProject
Project("{2150E333-8FDC-42A3-9474-1A3956D46DE8}") = "Solution Items", "Solution Items", "{5787B5E5-8692-4418-9983-02959AA26137}"
	ProjectSection(SolutionItems) = preProject
		.gitignore = .gitignore
		app-install-manager.cmd = app-install-manager.cmd
		app-install-manager.ps1 = app-install-manager.ps1
		app-setup-dev.cmd = app-setup-dev.cmd
		app-setup-dev.ps1 = app-setup-dev.ps1
		LICENSE.md = LICENSE.md
		README.md = README.md
	EndProjectSection
EndProject
Project("{00D1A9C2-B5F0-4AF3-8072-F6C62B433612}") = "Escc.Umbraco.UserAccessManager.SqlServer", "Escc.Umbraco.UserAccessManager.SqlServer\Escc.Umbraco.UserAccessManager.SqlServer.sqlproj", "{C6CBC148-082A-4F3A-AAA4-7CA6DF6815F4}"
EndProject
Project("{2150E333-8FDC-42A3-9474-1A3956D46DE8}") = "Documentation", "Documentation", "{64F19FBB-066F-432C-A5C8-C3E561CD169B}"
	ProjectSection(SolutionItems) = preProject
		Documentation\Configuration.md = Documentation\Configuration.md
		Documentation\content-tree.png = Documentation\content-tree.png
		Documentation\copy-permissions.png = Documentation\copy-permissions.png
		Documentation\create-user.png = Documentation\create-user.png
		Documentation\tools-menu.png = Documentation\tools-menu.png
		Documentation\user-access-manager.png = Documentation\user-access-manager.png
		Documentation\user-details.png = Documentation\user-details.png
		Documentation\user-not-found.png = Documentation\user-not-found.png
	EndProjectSection
EndProject
Global
	GlobalSection(SolutionConfigurationPlatforms) = preSolution
		Debug|Any CPU = Debug|Any CPU
		Release|Any CPU = Release|Any CPU
	EndGlobalSection
	GlobalSection(ProjectConfigurationPlatforms) = postSolution
		{6C04EE92-2296-4F63-951B-32A2C7FBDE7B}.Debug|Any CPU.ActiveCfg = Debug|Any CPU
		{6C04EE92-2296-4F63-951B-32A2C7FBDE7B}.Debug|Any CPU.Build.0 = Debug|Any CPU
		{6C04EE92-2296-4F63-951B-32A2C7FBDE7B}.Release|Any CPU.ActiveCfg = Release|Any CPU
		{6C04EE92-2296-4F63-951B-32A2C7FBDE7B}.Release|Any CPU.Build.0 = Release|Any CPU
		{3C2ED7DD-E1E2-44CB-987A-6AEC4AA6486D}.Debug|Any CPU.ActiveCfg = Debug|Any CPU
		{3C2ED7DD-E1E2-44CB-987A-6AEC4AA6486D}.Debug|Any CPU.Build.0 = Debug|Any CPU
		{3C2ED7DD-E1E2-44CB-987A-6AEC4AA6486D}.Release|Any CPU.ActiveCfg = Release|Any CPU
		{3C2ED7DD-E1E2-44CB-987A-6AEC4AA6486D}.Release|Any CPU.Build.0 = Release|Any CPU
		{C6CBC148-082A-4F3A-AAA4-7CA6DF6815F4}.Debug|Any CPU.ActiveCfg = Debug|Any CPU
		{C6CBC148-082A-4F3A-AAA4-7CA6DF6815F4}.Debug|Any CPU.Build.0 = Debug|Any CPU
		{C6CBC148-082A-4F3A-AAA4-7CA6DF6815F4}.Debug|Any CPU.Deploy.0 = Debug|Any CPU
		{C6CBC148-082A-4F3A-AAA4-7CA6DF6815F4}.Release|Any CPU.ActiveCfg = Release|Any CPU
		{C6CBC148-082A-4F3A-AAA4-7CA6DF6815F4}.Release|Any CPU.Build.0 = Release|Any CPU
		{C6CBC148-082A-4F3A-AAA4-7CA6DF6815F4}.Release|Any CPU.Deploy.0 = Release|Any CPU
	EndGlobalSection
	GlobalSection(SolutionProperties) = preSolution
		HideSolutionNode = FALSE
	EndGlobalSection
	GlobalSection(NestedProjects) = preSolution
		{64F19FBB-066F-432C-A5C8-C3E561CD169B} = {5787B5E5-8692-4418-9983-02959AA26137}
	EndGlobalSection
	GlobalSection(ExtensibilityGlobals) = postSolution
		SolutionGuid = {DD7B5982-3A16-44FA-B6F2-95C1D10FC6D5}
	EndGlobalSection
EndGlobal
